// !$*UTF8*$!
{
	archiveVersion = 1;
	classes = {
	};
	objectVersion = 46;
	objects = {

/* Begin PBXBuildFile section */
		8A77735A1EA768CB00EEEC0B /* AppDelegate.swift in Sources */ = {isa = PBXBuildFile; fileRef = 8A7773591EA768CB00EEEC0B /* AppDelegate.swift */; };
		8A77735C1EA768CB00EEEC0B /* ViewController.swift in Sources */ = {isa = PBXBuildFile; fileRef = 8A77735B1EA768CB00EEEC0B /* ViewController.swift */; };
		8A77735F1EA768CC00EEEC0B /* Main.storyboard in Resources */ = {isa = PBXBuildFile; fileRef = 8A77735D1EA768CC00EEEC0B /* Main.storyboard */; };
		8A7773611EA768CC00EEEC0B /* Assets.xcassets in Resources */ = {isa = PBXBuildFile; fileRef = 8A7773601EA768CC00EEEC0B /* Assets.xcassets */; };
		8A7773641EA768CC00EEEC0B /* LaunchScreen.storyboard in Resources */ = {isa = PBXBuildFile; fileRef = 8A7773621EA768CC00EEEC0B /* LaunchScreen.storyboard */; };
		8A77736F1EA768CC00EEEC0B /* Practice_1Tests.swift in Sources */ = {isa = PBXBuildFile; fileRef = 8A77736E1EA768CC00EEEC0B /* Practice_1Tests.swift */; };
		8A77737A1EA768CC00EEEC0B /* Practice_1UITests.swift in Sources */ = {isa = PBXBuildFile; fileRef = 8A7773791EA768CC00EEEC0B /* Practice_1UITests.swift */; };
		8A77738B1EAA109500EEEC0B /* chanhday.jpg in Resources */ = {isa = PBXBuildFile; fileRef = 8A77738A1EAA109500EEEC0B /* chanhday.jpg */; };
/* End PBXBuildFile section */

/* Begin PBXContainerItemProxy section */
		8A77736B1EA768CC00EEEC0B /* PBXContainerItemProxy */ = {
			isa = PBXContainerItemProxy;
			containerPortal = 8A77734E1EA768CB00EEEC0B /* Project object */;
			proxyType = 1;
			remoteGlobalIDString = 8A7773551EA768CB00EEEC0B;
			remoteInfo = Practice_1;
		};
		8A7773761EA768CC00EEEC0B /* PBXContainerItemProxy */ = {
			isa = PBXContainerItemProxy;
			containerPortal = 8A77734E1EA768CB00EEEC0B /* Project object */;
			proxyType = 1;
			remoteGlobalIDString = 8A7773551EA768CB00EEEC0B;
			remoteInfo = Practice_1;
		};
/* End PBXContainerItemProxy section */

/* Begin PBXFileReference section */
		8A7773561EA768CB00EEEC0B /* Practice_1.app */ = {isa = PBXFileReference; explicitFileType = wrapper.application; includeInIndex = 0; path = Practice_1.app; sourceTree = BUILT_PRODUCTS_DIR; };
		8A7773591EA768CB00EEEC0B /* AppDelegate.swift */ = {isa = PBXFileReference; lastKnownFileType = sourcecode.swift; path = AppDelegate.swift; sourceTree = "<group>"; };
		8A77735B1EA768CB00EEEC0B /* ViewController.swift */ = {isa = PBXFileReference; lastKnownFileType = sourcecode.swift; path = ViewController.swift; sourceTree = "<group>"; };
		8A77735E1EA768CC00EEEC0B /* Base */ = {isa = PBXFileReference; lastKnownFileType = file.storyboard; name = Base; path = Base.lproj/Main.storyboard; sourceTree = "<group>"; };
		8A7773601EA768CC00EEEC0B /* Assets.xcassets */ = {isa = PBXFileReference; lastKnownFileType = folder.assetcatalog; path = Assets.xcassets; sourceTree = "<group>"; };
		8A7773631EA768CC00EEEC0B /* Base */ = {isa = PBXFileReference; lastKnownFileType = file.storyboard; name = Base; path = Base.lproj/LaunchScreen.storyboard; sourceTree = "<group>"; };
		8A7773651EA768CC00EEEC0B /* Info.plist */ = {isa = PBXFileReference; lastKnownFileType = text.plist.xml; path = Info.plist; sourceTree = "<group>"; };
		8A77736A1EA768CC00EEEC0B /* Practice_1Tests.xctest */ = {isa = PBXFileReference; explicitFileType = wrapper.cfbundle; includeInIndex = 0; path = Practice_1Tests.xctest; sourceTree = BUILT_PRODUCTS_DIR; };
		8A77736E1EA768CC00EEEC0B /* Practice_1Tests.swift */ = {isa = PBXFileReference; lastKnownFileType = sourcecode.swift; path = Practice_1Tests.swift; sourceTree = "<group>"; };
		8A7773701EA768CC00EEEC0B /* Info.plist */ = {isa = PBXFileReference; lastKnownFileType = text.plist.xml; path = Info.plist; sourceTree = "<group>"; };
		8A7773751EA768CC00EEEC0B /* Practice_1UITests.xctest */ = {isa = PBXFileReference; explicitFileType = wrapper.cfbundle; includeInIndex = 0; path = Practice_1UITests.xctest; sourceTree = BUILT_PRODUCTS_DIR; };
		8A7773791EA768CC00EEEC0B /* Practice_1UITests.swift */ = {isa = PBXFileReference; lastKnownFileType = sourcecode.swift; path = Practice_1UITests.swift; sourceTree = "<group>"; };
		8A77737B1EA768CC00EEEC0B /* Info.plist */ = {isa = PBXFileReference; lastKnownFileType = text.plist.xml; path = Info.plist; sourceTree = "<group>"; };
		8A77738A1EAA109500EEEC0B /* chanhday.jpg */ = {isa = PBXFileReference; lastKnownFileType = image.jpeg; name = chanhday.jpg; path = ../../../../Downloads/chanhday.jpg; sourceTree = "<group>"; };
/* End PBXFileReference section */

/* Begin PBXFrameworksBuildPhase section */
		8A7773531EA768CB00EEEC0B /* Frameworks */ = {
			isa = PBXFrameworksBuildPhase;
			buildActionMask = 2147483647;
			files = (
			);
			runOnlyForDeploymentPostprocessing = 0;
		};
		8A7773671EA768CC00EEEC0B /* Frameworks */ = {
			isa = PBXFrameworksBuildPhase;
			buildActionMask = 2147483647;
			files = (
			);
			runOnlyForDeploymentPostprocessing = 0;
		};
		8A7773721EA768CC00EEEC0B /* Frameworks */ = {
			isa = PBXFrameworksBuildPhase;
			buildActionMask = 2147483647;
			files = (
			);
			runOnlyForDeploymentPostprocessing = 0;
		};
/* End PBXFrameworksBuildPhase section */

/* Begin PBXGroup section */
		8A77734D1EA768CB00EEEC0B = {
			isa = PBXGroup;
			children = (
				8A7773581EA768CB00EEEC0B /* Practice_1 */,
				8A77736D1EA768CC00EEEC0B /* Practice_1Tests */,
				8A7773781EA768CC00EEEC0B /* Practice_1UITests */,
				8A7773571EA768CB00EEEC0B /* Products */,
			);
			sourceTree = "<group>";
		};
		8A7773571EA768CB00EEEC0B /* Products */ = {
			isa = PBXGroup;
			children = (
				8A7773561EA768CB00EEEC0B /* Practice_1.app */,
				8A77736A1EA768CC00EEEC0B /* Practice_1Tests.xctest */,
				8A7773751EA768CC00EEEC0B /* Practice_1UITests.xctest */,
			);
			name = Products;
			sourceTree = "<group>";
		};
		8A7773581EA768CB00EEEC0B /* Practice_1 */ = {
			isa = PBXGroup;
			children = (
				8A7773591EA768CB00EEEC0B /* AppDelegate.swift */,
				8A77735B1EA768CB00EEEC0B /* ViewController.swift */,
				8A77735D1EA768CC00EEEC0B /* Main.storyboard */,
				8A7773601EA768CC00EEEC0B /* Assets.xcassets */,
				8A7773871EAA102900EEEC0B /* image */,
				8A7773621EA768CC00EEEC0B /* LaunchScreen.storyboard */,
				8A7773651EA768CC00EEEC0B /* Info.plist */,
			);
			path = Practice_1;
			sourceTree = "<group>";
		};
		8A77736D1EA768CC00EEEC0B /* Practice_1Tests */ = {
			isa = PBXGroup;
			children = (
				8A77736E1EA768CC00EEEC0B /* Practice_1Tests.swift */,
				8A7773701EA768CC00EEEC0B /* Info.plist */,
			);
			path = Practice_1Tests;
			sourceTree = "<group>";
		};
		8A7773781EA768CC00EEEC0B /* Practice_1UITests */ = {
			isa = PBXGroup;
			children = (
				8A7773791EA768CC00EEEC0B /* Practice_1UITests.swift */,
				8A77737B1EA768CC00EEEC0B /* Info.plist */,
			);
			path = Practice_1UITests;
			sourceTree = "<group>";
		};
		8A7773871EAA102900EEEC0B /* image */ = {
			isa = PBXGroup;
			children = (
				8A77738A1EAA109500EEEC0B /* chanhday.jpg */,
			);
			name = image;
			sourceTree = "<group>";
		};
/* End PBXGroup section */

/* Begin PBXNativeTarget section */
		8A7773551EA768CB00EEEC0B /* Practice_1 */ = {
			isa = PBXNativeTarget;
			buildConfigurationList = 8A77737E1EA768CC00EEEC0B /* Build configuration list for PBXNativeTarget "Practice_1" */;
			buildPhases = (
				8A7773521EA768CB00EEEC0B /* Sources */,
				8A7773531EA768CB00EEEC0B /* Frameworks */,
				8A7773541EA768CB00EEEC0B /* Resources */,
			);
			buildRules = (
			);
			dependencies = (
			);
			name = Practice_1;
			productName = Practice_1;
			productReference = 8A7773561EA768CB00EEEC0B /* Practice_1.app */;
			productType = "com.apple.product-type.application";
		};
		8A7773691EA768CC00EEEC0B /* Practice_1Tests */ = {
			isa = PBXNativeTarget;
			buildConfigurationList = 8A7773811EA768CC00EEEC0B /* Build configuration list for PBXNativeTarget "Practice_1Tests" */;
			buildPhases = (
				8A7773661EA768CC00EEEC0B /* Sources */,
				8A7773671EA768CC00EEEC0B /* Frameworks */,
				8A7773681EA768CC00EEEC0B /* Resources */,
			);
			buildRules = (
			);
			dependencies = (
				8A77736C1EA768CC00EEEC0B /* PBXTargetDependency */,
			);
			name = Practice_1Tests;
			productName = Practice_1Tests;
			productReference = 8A77736A1EA768CC00EEEC0B /* Practice_1Tests.xctest */;
			productType = "com.apple.product-type.bundle.unit-test";
		};
		8A7773741EA768CC00EEEC0B /* Practice_1UITests */ = {
			isa = PBXNativeTarget;
			buildConfigurationList = 8A7773841EA768CC00EEEC0B /* Build configuration list for PBXNativeTarget "Practice_1UITests" */;
			buildPhases = (
				8A7773711EA768CC00EEEC0B /* Sources */,
				8A7773721EA768CC00EEEC0B /* Frameworks */,
				8A7773731EA768CC00EEEC0B /* Resources */,
			);
			buildRules = (
			);
			dependencies = (
				8A7773771EA768CC00EEEC0B /* PBXTargetDependency */,
			);
			name = Practice_1UITests;
			productName = Practice_1UITests;
			productReference = 8A7773751EA768CC00EEEC0B /* Practice_1UITests.xctest */;
			productType = "com.apple.product-type.bundle.ui-testing";
		};
/* End PBXNativeTarget section */

/* Begin PBXProject section */
		8A77734E1EA768CB00EEEC0B /* Project object */ = {
			isa = PBXProject;
			attributes = {
				LastSwiftUpdateCheck = 0730;
				LastUpgradeCheck = 0730;
				ORGANIZATIONNAME = cuscedu;
				TargetAttributes = {
					8A7773551EA768CB00EEEC0B = {
						CreatedOnToolsVersion = 7.3.1;
						DevelopmentTeam = J7D9F2V3Z6;
					};
					8A7773691EA768CC00EEEC0B = {
						CreatedOnToolsVersion = 7.3.1;
						TestTargetID = 8A7773551EA768CB00EEEC0B;
					};
					8A7773741EA768CC00EEEC0B = {
						CreatedOnToolsVersion = 7.3.1;
						TestTargetID = 8A7773551EA768CB00EEEC0B;
					};
				};
			};
			buildConfigurationList = 8A7773511EA768CB00EEEC0B /* Build configuration list for PBXProject "Practice_1" */;
			compatibilityVersion = "Xcode 3.2";
			developmentRegion = English;
			hasScannedForEncodings = 0;
			knownRegions = (
				en,
				Base,
			);
			mainGroup = 8A77734D1EA768CB00EEEC0B;
			productRefGroup = 8A7773571EA768CB00EEEC0B /* Products */;
			projectDirPath = "";
			projectRoot = "";
			targets = (
				8A7773551EA768CB00EEEC0B /* Practice_1 */,
				8A7773691EA768CC00EEEC0B /* Practice_1Tests */,
				8A7773741EA768CC00EEEC0B /* Practice_1UITests */,
			);
		};
/* End PBXProject section */

/* Begin PBXResourcesBuildPhase section */
		8A7773541EA768CB00EEEC0B /* Resources */ = {
			isa = PBXResourcesBuildPhase;
			buildActionMask = 2147483647;
			files = (
				8A7773641EA768CC00EEEC0B /* LaunchScreen.storyboard in Resources */,
				8A7773611EA768CC00EEEC0B /* Assets.xcassets in Resources */,
				8A77735F1EA768CC00EEEC0B /* Main.storyboard in Resources */,
				8A77738B1EAA109500EEEC0B /* chanhday.jpg in Resources */,
			);
			runOnlyForDeploymentPostprocessing = 0;
		};
		8A7773681EA768CC00EEEC0B /* Resources */ = {
			isa = PBXResourcesBuildPhase;
			buildActionMask = 2147483647;
			files = (
			);
			runOnlyForDeploymentPostprocessing = 0;
		};
		8A7773731EA768CC00EEEC0B /* Resources */ = {
			isa = PBXResourcesBuildPhase;
			buildActionMask = 2147483647;
			files = (
			);
			runOnlyForDeploymentPostprocessing = 0;
		};
/* End PBXResourcesBuildPhase section */

/* Begin PBXSourcesBuildPhase section */
		8A7773521EA768CB00EEEC0B /* Sources */ = {
			isa = PBXSourcesBuildPhase;
			buildActionMask = 2147483647;
			files = (
				8A77735C1EA768CB00EEEC0B /* ViewController.swift in Sources */,
				8A77735A1EA768CB00EEEC0B /* AppDelegate.swift in Sources */,
			);
			runOnlyForDeploymentPostprocessing = 0;
		};
		8A7773661EA768CC00EEEC0B /* Sources */ = {
			isa = PBXSourcesBuildPhase;
			buildActionMask = 2147483647;
			files = (
				8A77736F1EA768CC00EEEC0B /* Practice_1Tests.swift in Sources */,
			);
			runOnlyForDeploymentPostprocessing = 0;
		};
		8A7773711EA768CC00EEEC0B /* Sources */ = {
			isa = PBXSourcesBuildPhase;
			buildActionMask = 2147483647;
			files = (
				8A77737A1EA768CC00EEEC0B /* Practice_1UITests.swift in Sources */,
			);
			runOnlyForDeploymentPostprocessing = 0;
		};
/* End PBXSourcesBuildPhase section */

/* Begin PBXTargetDependency section */
		8A77736C1EA768CC00EEEC0B /* PBXTargetDependency */ = {
			isa = PBXTargetDependency;
			target = 8A7773551EA768CB00EEEC0B /* Practice_1 */;
			targetProxy = 8A77736B1EA768CC00EEEC0B /* PBXContainerItemProxy */;
		};
		8A7773771EA768CC00EEEC0B /* PBXTargetDependency */ = {
			isa = PBXTargetDependency;
			target = 8A7773551EA768CB00EEEC0B /* Practice_1 */;
			targetProxy = 8A7773761EA768CC00EEEC0B /* PBXContainerItemProxy */;
		};
/* End PBXTargetDependency section */

/* Begin PBXVariantGroup section */
		8A77735D1EA768CC00EEEC0B /* Main.storyboard */ = {
			isa = PBXVariantGroup;
			children = (
				8A77735E1EA768CC00EEEC0B /* Base */,
			);
			name = Main.storyboard;
			sourceTree = "<group>";
		};
		8A7773621EA768CC00EEEC0B /* LaunchScreen.storyboard */ = {
			isa = PBXVariantGroup;
			children = (
				8A7773631EA768CC00EEEC0B /* Base */,
			);
			name = LaunchScreen.storyboard;
			sourceTree = "<group>";
		};
/* End PBXVariantGroup section */

/* Begin XCBuildConfiguration section */
		8A77737C1EA768CC00EEEC0B /* Debug */ = {
			isa = XCBuildConfiguration;
			buildSettings = {
				ALWAYS_SEARCH_USER_PATHS = NO;
				CLANG_ANALYZER_NONNULL = YES;
				CLANG_CXX_LANGUAGE_STANDARD = "gnu++0x";
				CLANG_CXX_LIBRARY = "libc++";
				CLANG_ENABLE_MODULES = YES;
				CLANG_ENABLE_OBJC_ARC = YES;
				CLANG_WARN_BOOL_CONVERSION = YES;
				CLANG_WARN_CONSTANT_CONVERSION = YES;
				CLANG_WARN_DIRECT_OBJC_ISA_USAGE = YES_ERROR;
				CLANG_WARN_EMPTY_BODY = YES;
				CLANG_WARN_ENUM_CONVERSION = YES;
				CLANG_WARN_INT_CONVERSION = YES;
				CLANG_WARN_OBJC_ROOT_CLASS = YES_ERROR;
				CLANG_WARN_UNREACHABLE_CODE = YES;
				CLANG_WARN__DUPLICATE_METHOD_MATCH = YES;
				"CODE_SIGN_IDENTITY[sdk=iphoneos*]" = "iPhone Developer";
				COPY_PHASE_STRIP = NO;
				DEBUG_INFORMATION_FORMAT = dwarf;
				ENABLE_STRICT_OBJC_MSGSEND = YES;
				ENABLE_TESTABILITY = YES;
				GCC_C_LANGUAGE_STANDARD = gnu99;
				GCC_DYNAMIC_NO_PIC = NO;
				GCC_NO_COMMON_BLOCKS = YES;
				GCC_OPTIMIZATION_LEVEL = 0;
				GCC_PREPROCESSOR_DEFINITIONS = (
					"DEBUG=1",
					"$(inherited)",
				);
				GCC_WARN_64_TO_32_BIT_CONVERSION = YES;
				GCC_WARN_ABOUT_RETURN_TYPE = YES_ERROR;
				GCC_WARN_UNDECLARED_SELECTOR = YES;
				GCC_WARN_UNINITIALIZED_AUTOS = YES_AGGRESSIVE;
				GCC_WARN_UNUSED_FUNCTION = YES;
				GCC_WARN_UNUSED_VARIABLE = YES;
				IPHONEOS_DEPLOYMENT_TARGET = 9.3;
				MTL_ENABLE_DEBUG_INFO = YES;
				ONLY_ACTIVE_ARCH = YES;
				SDKROOT = iphoneos;
				SWIFT_OPTIMIZATION_LEVEL = "-Onone";
			};
			name = Debug;
		};
		8A77737D1EA768CC00EEEC0B /* Release */ = {
			isa = XCBuildConfiguration;
			buildSettings = {
				ALWAYS_SEARCH_USER_PATHS = NO;
				CLANG_ANALYZER_NONNULL = YES;
				CLANG_CXX_LANGUAGE_STANDARD = "gnu++0x";
				CLANG_CXX_LIBRARY = "libc++";
				CLANG_ENABLE_MODULES = YES;
				CLANG_ENABLE_OBJC_ARC = YES;
				CLANG_WARN_BOOL_CONVERSION = YES;
				CLANG_WARN_CONSTANT_CONVERSION = YES;
				CLANG_WARN_DIRECT_OBJC_ISA_USAGE = YES_ERROR;
				CLANG_WARN_EMPTY_BODY = YES;
				CLANG_WARN_ENUM_CONVERSION = YES;
				CLANG_WARN_INT_CONVERSION = YES;
				CLANG_WARN_OBJC_ROOT_CLASS = YES_ERROR;
				CLANG_WARN_UNREACHABLE_CODE = YES;
				CLANG_WARN__DUPLICATE_METHOD_MATCH = YES;
				"CODE_SIGN_IDENTITY[sdk=iphoneos*]" = "iPhone Developer";
				COPY_PHASE_STRIP = NO;
				DEBUG_INFORMATION_FORMAT = "dwarf-with-dsym";
				ENABLE_NS_ASSERTIONS = NO;
				ENABLE_STRICT_OBJC_MSGSEND = YES;
				GCC_C_LANGUAGE_STANDARD = gnu99;
				GCC_NO_COMMON_BLOCKS = YES;
				GCC_WARN_64_TO_32_BIT_CONVERSION = YES;
				GCC_WARN_ABOUT_RETURN_TYPE = YES_ERROR;
				GCC_WARN_UNDECLARED_SELECTOR = YES;
				GCC_WARN_UNINITIALIZED_AUTOS = YES_AGGRESSIVE;
				GCC_WARN_UNUSED_FUNCTION = YES;
				GCC_WARN_UNUSED_VARIABLE = YES;
				IPHONEOS_DEPLOYMENT_TARGET = 9.3;
				MTL_ENABLE_DEBUG_INFO = NO;
				SDKROOT = iphoneos;
				VALIDATE_PRODUCT = YES;
			};
			name = Release;
		};
		8A77737F1EA768CC00EEEC0B /* Debug */ = {
			isa = XCBuildConfiguration;
			buildSettings = {
				ASSETCATALOG_COMPILER_APPICON_NAME = AppIcon;
				CODE_SIGN_IDENTITY = "iPhone Developer";
				INFOPLIST_FILE = Practice_1/Info.plist;
				IPHONEOS_DEPLOYMENT_TARGET = 9.3;
				LD_RUNPATH_SEARCH_PATHS = "$(inherited) @executable_path/Frameworks";
				PRODUCT_BUNDLE_IDENTIFIER = "com.cusc.ctu.edu.Practice-1";
				PRODUCT_NAME = "$(TARGET_NAME)";
				TARGETED_DEVICE_FAMILY = 1;
			};
			name = Debug;
		};
		8A7773801EA768CC00EEEC0B /* Release */ = {
			isa = XCBuildConfiguration;
			buildSettings = {
				ASSETCATALOG_COMPILER_APPICON_NAME = AppIcon;
				CODE_SIGN_IDENTITY = "iPhone Developer";
				INFOPLIST_FILE = Practice_1/Info.plist;
				IPHONEOS_DEPLOYMENT_TARGET = 9.3;
				LD_RUNPATH_SEARCH_PATHS = "$(inherited) @executable_path/Frameworks";
				PRODUCT_BUNDLE_IDENTIFIER = "com.cusc.ctu.edu.Practice-1";
				PRODUCT_NAME = "$(TARGET_NAME)";
				TARGETED_DEVICE_FAMILY = 1;
			};
			name = Release;
		};
		8A7773821EA768CC00EEEC0B /* Debug */ = {
			isa = XCBuildConfiguration;
			buildSettings = {
				BUNDLE_LOADER = "$(TEST_HOST)";
				INFOPLIST_FILE = Practice_1Tests/Info.plist;
				LD_RUNPATH_SEARCH_PATHS = "$(inherited) @executable_path/Frameworks @loader_path/Frameworks";
				PRODUCT_BUNDLE_IDENTIFIER = "com.cusc.ctu.edu.Practice-1Tests";
				PRODUCT_NAME = "$(TARGET_NAME)";
				TEST_HOST = "$(BUILT_PRODUCTS_DIR)/Practice_1.app/Practice_1";
			};
			name = Debug;
		};
		8A7773831EA768CC00EEEC0B /* Release */ = {
			isa = XCBuildConfiguration;
			buildSettings = {
				BUNDLE_LOADER = "$(TEST_HOST)";
				INFOPLIST_FILE = Practice_1Tests/Info.plist;
				LD_RUNPATH_SEARCH_PATHS = "$(inherited) @executable_path/Frameworks @loader_path/Frameworks";
				PRODUCT_BUNDLE_IDENTIFIER = "com.cusc.ctu.edu.Practice-1Tests";
				PRODUCT_NAME = "$(TARGET_NAME)";
				TEST_HOST = "$(BUILT_PRODUCTS_DIR)/Practice_1.app/Practice_1";
			};
			name = Release;
		};
		8A7773851EA768CC00EEEC0B /* Debug */ = {
			isa = XCBuildConfiguration;
			buildSettings = {
				INFOPLIST_FILE = Practice_1UITests/Info.plist;
				LD_RUNPATH_SEARCH_PATHS = "$(inherited) @executable_path/Frameworks @loader_path/Frameworks";
				PRODUCT_BUNDLE_IDENTIFIER = "com.cusc.ctu.edu.Practice-1UITests";
				PRODUCT_NAME = "$(TARGET_NAME)";
				TEST_TARGET_NAME = Practice_1;
			};
			name = Debug;
		};
		8A7773861EA768CC00EEEC0B /* Release */ = {
			isa = XCBuildConfiguration;
			buildSettings = {
				INFOPLIST_FILE = Practice_1UITests/Info.plist;
				LD_RUNPATH_SEARCH_PATHS = "$(inherited) @executable_path/Frameworks @loader_path/Frameworks";
				PRODUCT_BUNDLE_IDENTIFIER = "com.cusc.ctu.edu.Practice-1UITests";
				PRODUCT_NAME = "$(TARGET_NAME)";
				TEST_TARGET_NAME = Practice_1;
			};
			name = Release;
		};
/* End XCBuildConfiguration section */

/* Begin XCConfigurationList section */
		8A7773511EA768CB00EEEC0B /* Build configuration list for PBXProject "Practice_1" */ = {
			isa = XCConfigurationList;
			buildConfigurations = (
				8A77737C1EA768CC00EEEC0B /* Debug */,
				8A77737D1EA768CC00EEEC0B /* Release */,
			);
			defaultConfigurationIsVisible = 0;
			defaultConfigurationName = Release;
		};
		8A77737E1EA768CC00EEEC0B /* Build configuration list for PBXNativeTarget "Practice_1" */ = {
			isa = XCConfigurationList;
			buildConfigurations = (
				8A77737F1EA768CC00EEEC0B /* Debug */,
				8A7773801EA768CC00EEEC0B /* Release */,
			);
			defaultConfigurationIsVisible = 0;
			defaultConfigurationName = Release;
		};
		8A7773811EA768CC00EEEC0B /* Build configuration list for PBXNativeTarget "Practice_1Tests" */ = {
			isa = XCConfigurationList;
			buildConfigurations = (
				8A7773821EA768CC00EEEC0B /* Debug */,
				8A7773831EA768CC00EEEC0B /* Release */,
			);
			defaultConfigurationIsVisible = 0;
			defaultConfigurationName = Release;
		};
		8A7773841EA768CC00EEEC0B /* Build configuration list for PBXNativeTarget "Practice_1UITests" */ = {
			isa = XCConfigurationList;
			buildConfigurations = (
				8A7773851EA768CC00EEEC0B /* Debug */,
				8A7773861EA768CC00EEEC0B /* Release */,
			);
			defaultConfigurationIsVisible = 0;
			defaultConfigurationName = Release;
		};
/* End XCConfigurationList section */
	};
	rootObject = 8A77734E1EA768CB00EEEC0B /* Project object */;
}
